
Microsoft Visual Studio Solution File, Format Version 12.00
# Visual Studio 14
VisualStudioVersion = 14.0.24720.0
MinimumVisualStudioVersion = 10.0.40219.1
Project("{E24C65DC-7377-472B-9ABA-BC803B73C61A}") = "BhuviCare", "BhuviCare\", "{9B423F3E-E0ED-47EF-A00B-AF04AF517820}"
	ProjectSection(WebsiteProperties) = preProject
		TargetFrameworkMoniker = ".NETFramework,Version%3Dv4.0"
		Debug.AspNetCompiler.VirtualPath = "/localhost_2810"
		Debug.AspNetCompiler.PhysicalPath = "BhuviCare\"
		Debug.AspNetCompiler.TargetPath = "PrecompiledWeb\localhost_2810\"
		Debug.AspNetCompiler.Updateable = "true"
		Debug.AspNetCompiler.ForceOverwrite = "true"
		Debug.AspNetCompiler.FixedNames = "false"
		Debug.AspNetCompiler.Debug = "True"
		Release.AspNetCompiler.VirtualPath = "/localhost_2810"
		Release.AspNetCompiler.PhysicalPath = "BhuviCare\"
		Release.AspNetCompiler.TargetPath = "PrecompiledWeb\localhost_2810\"
		Release.AspNetCompiler.Updateable = "true"
		Release.AspNetCompiler.ForceOverwrite = "true"
		Release.AspNetCompiler.FixedNames = "false"
		Release.AspNetCompiler.Debug = "False"
		VWDPort = "2810"
		SlnRelativePath = "BhuviCare\"
	EndProjectSection
EndProject
Global
	GlobalSection(SolutionConfigurationPlatforms) = preSolution
		Debug|Any CPU = Debug|Any CPU
	EndGlobalSection
	GlobalSection(ProjectConfigurationPlatforms) = postSolution
		{9B423F3E-E0ED-47EF-A00B-AF04AF517820}.Debug|Any CPU.ActiveCfg = Debug|Any CPU
		{9B423F3E-E0ED-47EF-A00B-AF04AF517820}.Debug|Any CPU.Build.0 = Debug|Any CPU
	EndGlobalSection
	GlobalSection(SolutionProperties) = preSolution
		HideSolutionNode = FALSE
	EndGlobalSection
EndGlobal
